
Microsoft Visual Studio Solution File, Format Version 12.00
# Visual Studio 15
VisualStudioVersion = 15.0.28307.136
MinimumVisualStudioVersion = 10.0.40219.1
Project("{9A19103F-16F7-4668-BE54-9A1E7A4F7556}") = "CryptoWallet.Orders", "CryptoWallet.Orders\CryptoWallet.Orders.csproj", "{328482C8-848B-4ECC-8073-ED19EACE401B}"
EndProject
Project("{9A19103F-16F7-4668-BE54-9A1E7A4F7556}") = "CryptoWallet.Orders.Common", "CryptoWallet.Orders.Common\CryptoWallet.Orders.Common.csproj", "{A4D33D51-1F56-49FD-8CDF-1A0A6E55D0BA}"
EndProject
Project("{FAE04EC0-301F-11D3-BF4B-00C04F79EFBC}") = "CryptoWallet.Orders.Domain", "CryptoWallet.Orders.Domain\CryptoWallet.Orders.Domain.csproj", "{99792BDF-4545-45D6-97EB-556AD0257221}"
EndProject
Project("{FAE04EC0-301F-11D3-BF4B-00C04F79EFBC}") = "CryptoWallet.Orders.Service", "CryptoWallet.Orders.Service\CryptoWallet.Orders.Service.csproj", "{5505E6A9-891D-4B68-8E34-E009DD55F574}"
EndProject
Project("{FAE04EC0-301F-11D3-BF4B-00C04F79EFBC}") = "CryptoWallet.Orders.DAL.Sql", "CryptoWallet.Orders.DAL.Sql\CryptoWallet.Orders.DAL.Sql.csproj", "{663336FA-6DE5-4922-947C-5ABBC74F0B4C}"
EndProject
Global
	GlobalSection(SolutionConfigurationPlatforms) = preSolution
		Debug|Any CPU = Debug|Any CPU
		Release|Any CPU = Release|Any CPU
	EndGlobalSection
	GlobalSection(ProjectConfigurationPlatforms) = postSolution
		{328482C8-848B-4ECC-8073-ED19EACE401B}.Debug|Any CPU.ActiveCfg = Debug|Any CPU
		{328482C8-848B-4ECC-8073-ED19EACE401B}.Debug|Any CPU.Build.0 = Debug|Any CPU
		{328482C8-848B-4ECC-8073-ED19EACE401B}.Release|Any CPU.ActiveCfg = Release|Any CPU
		{328482C8-848B-4ECC-8073-ED19EACE401B}.Release|Any CPU.Build.0 = Release|Any CPU
		{A4D33D51-1F56-49FD-8CDF-1A0A6E55D0BA}.Debug|Any CPU.ActiveCfg = Debug|Any CPU
		{A4D33D51-1F56-49FD-8CDF-1A0A6E55D0BA}.Debug|Any CPU.Build.0 = Debug|Any CPU
		{A4D33D51-1F56-49FD-8CDF-1A0A6E55D0BA}.Release|Any CPU.ActiveCfg = Release|Any CPU
		{A4D33D51-1F56-49FD-8CDF-1A0A6E55D0BA}.Release|Any CPU.Build.0 = Release|Any CPU
		{99792BDF-4545-45D6-97EB-556AD0257221}.Debug|Any CPU.ActiveCfg = Debug|Any CPU
		{99792BDF-4545-45D6-97EB-556AD0257221}.Debug|Any CPU.Build.0 = Debug|Any CPU
		{99792BDF-4545-45D6-97EB-556AD0257221}.Release|Any CPU.ActiveCfg = Release|Any CPU
		{99792BDF-4545-45D6-97EB-556AD0257221}.Release|Any CPU.Build.0 = Release|Any CPU
		{5505E6A9-891D-4B68-8E34-E009DD55F574}.Debug|Any CPU.ActiveCfg = Debug|Any CPU
		{5505E6A9-891D-4B68-8E34-E009DD55F574}.Debug|Any CPU.Build.0 = Debug|Any CPU
		{5505E6A9-891D-4B68-8E34-E009DD55F574}.Release|Any CPU.ActiveCfg = Release|Any CPU
		{5505E6A9-891D-4B68-8E34-E009DD55F574}.Release|Any CPU.Build.0 = Release|Any CPU
		{663336FA-6DE5-4922-947C-5ABBC74F0B4C}.Debug|Any CPU.ActiveCfg = Debug|Any CPU
		{663336FA-6DE5-4922-947C-5ABBC74F0B4C}.Debug|Any CPU.Build.0 = Debug|Any CPU
		{663336FA-6DE5-4922-947C-5ABBC74F0B4C}.Release|Any CPU.ActiveCfg = Release|Any CPU
		{663336FA-6DE5-4922-947C-5ABBC74F0B4C}.Release|Any CPU.Build.0 = Release|Any CPU
	EndGlobalSection
	GlobalSection(SolutionProperties) = preSolution
		HideSolutionNode = FALSE
	EndGlobalSection
	GlobalSection(ExtensibilityGlobals) = postSolution
		SolutionGuid = {53E19AAF-4034-4055-AB13-6A5A65A47C49}
	EndGlobalSection
EndGlobal
